
Microsoft Visual Studio Solution File, Format Version 12.00
# Visual Studio Version 17
VisualStudioVersion = 17.7.34221.43
MinimumVisualStudioVersion = 10.0.40219.1
Project("{FAE04EC0-301F-11D3-BF4B-00C04F79EFBC}") = "AdventOfCode2023", "AdventOfCode2023\AdventOfCode2023.csproj", "{24DA396B-014A-4CD8-8BB9-719A6CE07B84}"
EndProject
Global
	GlobalSection(SolutionConfigurationPlatforms) = preSolution
		Debug|Any CPU = Debug|Any CPU
		Release|Any CPU = Release|Any CPU
	EndGlobalSection
	GlobalSection(ProjectConfigurationPlatforms) = postSolution
		{24DA396B-014A-4CD8-8BB9-719A6CE07B84}.Debug|Any CPU.ActiveCfg = Debug|Any CPU
		{24DA396B-014A-4CD8-8BB9-719A6CE07B84}.Debug|Any CPU.Build.0 = Debug|Any CPU
		{24DA396B-014A-4CD8-8BB9-719A6CE07B84}.Release|Any CPU.ActiveCfg = Release|Any CPU
		{24DA396B-014A-4CD8-8BB9-719A6CE07B84}.Release|Any CPU.Build.0 = Release|Any CPU
	EndGlobalSection
	GlobalSection(SolutionProperties) = preSolution
		HideSolutionNode = FALSE
	EndGlobalSection
	GlobalSection(ExtensibilityGlobals) = postSolution
		SolutionGuid = {D3DA28E0-8647-4499-9AF5-904494DC931F}
	EndGlobalSection
EndGlobal
